Microsoft Visual Studio Solution File, Format Version 12.00
# Visual Studio Version 17
VisualStudioVersion = 17.5.2.0
MinimumVisualStudioVersion = 10.0.40219.1
Project("{FAE04EC0-301F-11D3-BF4B-00C04F79EFBC}") = "ElasticFind.Web", "ElasticFind.Web\ElasticFind.Web.csproj", "{A22D6D8C-295F-A292-FB70-CB6F352FDFF7}"
EndProject
Project("{FAE04EC0-301F-11D3-BF4B-00C04F79EFBC}") = "ElasticFind.Service", "ElasticFind.Service\ElasticFind.Service.csproj", "{B633BEA7-5475-4553-91A6-C37940B23250}"
EndProject
Project("{FAE04EC0-301F-11D3-BF4B-00C04F79EFBC}") = "ElasticFind.Repository", "ElasticFind.Repository\ElasticFind.Repository.csproj", "{DE213FAC-6691-48C7-95E3-F09E676AA3A1}"
EndProject
Global
	GlobalSection(SolutionConfigurationPlatforms) = preSolution
		Debug|Any CPU = Debug|Any CPU
		Release|Any CPU = Release|Any CPU
	EndGlobalSection
	GlobalSection(ProjectConfigurationPlatforms) = postSolution
		{A22D6D8C-295F-A292-FB70-CB6F352FDFF7}.Debug|Any CPU.ActiveCfg = Debug|Any CPU
		{A22D6D8C-295F-A292-FB70-CB6F352FDFF7}.Debug|Any CPU.Build.0 = Debug|Any CPU
		{A22D6D8C-295F-A292-FB70-CB6F352FDFF7}.Release|Any CPU.ActiveCfg = Release|Any CPU
		{A22D6D8C-295F-A292-FB70-CB6F352FDFF7}.Release|Any CPU.Build.0 = Release|Any CPU
		{B633BEA7-5475-4553-91A6-C37940B23250}.Debug|Any CPU.ActiveCfg = Debug|Any CPU
		{B633BEA7-5475-4553-91A6-C37940B23250}.Debug|Any CPU.Build.0 = Debug|Any CPU
		{B633BEA7-5475-4553-91A6-C37940B23250}.Release|Any CPU.ActiveCfg = Release|Any CPU
		{B633BEA7-5475-4553-91A6-C37940B23250}.Release|Any CPU.Build.0 = Release|Any CPU
		{DE213FAC-6691-48C7-95E3-F09E676AA3A1}.Debug|Any CPU.ActiveCfg = Debug|Any CPU
		{DE213FAC-6691-48C7-95E3-F09E676AA3A1}.Debug|Any CPU.Build.0 = Debug|Any CPU
		{DE213FAC-6691-48C7-95E3-F09E676AA3A1}.Release|Any CPU.ActiveCfg = Release|Any CPU
		{DE213FAC-6691-48C7-95E3-F09E676AA3A1}.Release|Any CPU.Build.0 = Release|Any CPU
	EndGlobalSection
	GlobalSection(SolutionProperties) = preSolution
		HideSolutionNode = FALSE
	EndGlobalSection
	GlobalSection(ExtensibilityGlobals) = postSolution
		SolutionGuid = {6AC874BB-AB78-4CC9-BFE6-C7D3EEC0EAB1}
	EndGlobalSection
EndGlobal
